
Microsoft Visual Studio Solution File, Format Version 12.00
# Visual Studio Version 17
VisualStudioVersion = 17.5.002.0
MinimumVisualStudioVersion = 10.0.40219.1
Project("{9A19103F-16F7-4668-BE54-9A1E7A4F7556}") = "CSharpTwelve", "CSharpTwelve.csproj", "{3465ABF8-A044-4ED1-A276-FCD9548BD547}"
EndProject
Global
	GlobalSection(SolutionConfigurationPlatforms) = preSolution
		Debug|Any CPU = Debug|Any CPU
		Release|Any CPU = Release|Any CPU
	EndGlobalSection
	GlobalSection(ProjectConfigurationPlatforms) = postSolution
		{3465ABF8-A044-4ED1-A276-FCD9548BD547}.Debug|Any CPU.ActiveCfg = Debug|Any CPU
		{3465ABF8-A044-4ED1-A276-FCD9548BD547}.Debug|Any CPU.Build.0 = Debug|Any CPU
		{3465ABF8-A044-4ED1-A276-FCD9548BD547}.Release|Any CPU.ActiveCfg = Release|Any CPU
		{3465ABF8-A044-4ED1-A276-FCD9548BD547}.Release|Any CPU.Build.0 = Release|Any CPU
	EndGlobalSection
	GlobalSection(SolutionProperties) = preSolution
		HideSolutionNode = FALSE
	EndGlobalSection
	GlobalSection(ExtensibilityGlobals) = postSolution
		SolutionGuid = {A33540AD-2736-4642-8201-5FC024632EE2}
	EndGlobalSection
EndGlobal
